// !$*UTF8*$!
{
	archiveVersion = 1;
	classes = {
	};
	objectVersion = 46;
	objects = {

/* Begin PBXBuildFile section */
		453A82E316CAF34700244785 /* EDColorCIELABBoundsTest.m in Sources */ = {isa = PBXBuildFile; fileRef = 453A82E216CAF34700244785 /* EDColorCIELABBoundsTest.m */; };
		4560529416CA76B000AE6C06 /* EDColorCIELABTest.m in Sources */ = {isa = PBXBuildFile; fileRef = 4560529316CA76B000AE6C06 /* EDColorCIELABTest.m */; };
		4560529516CA78A600AE6C06 /* CoreGraphics.framework in Frameworks */ = {isa = PBXBuildFile; fileRef = C32F6D4B1605408F004BA8A1 /* CoreGraphics.framework */; };
		4560529B16CABFF700AE6C06 /* UIColor+CIELAB.m in Sources */ = {isa = PBXBuildFile; fileRef = 4560529A16CABFF700AE6C06 /* UIColor+CIELAB.m */; };
		4560529C16CABFF700AE6C06 /* UIColor+CIELAB.m in Sources */ = {isa = PBXBuildFile; fileRef = 4560529A16CABFF700AE6C06 /* UIColor+CIELAB.m */; };
		45CDC89316C9A6D800F809B8 /* EDFourthViewController.m in Sources */ = {isa = PBXBuildFile; fileRef = 45CDC89216C9A6D700F809B8 /* EDFourthViewController.m */; };
		45CDC89416C9A6D800F809B8 /* EDFourthViewController.m in Sources */ = {isa = PBXBuildFile; fileRef = 45CDC89216C9A6D700F809B8 /* EDFourthViewController.m */; };
		45CDC89616C9A72300F809B8 /* EDFourthViewController.xib in Resources */ = {isa = PBXBuildFile; fileRef = 45CDC89516C9A72300F809B8 /* EDFourthViewController.xib */; };
		45CDC89716C9A72300F809B8 /* EDFourthViewController.xib in Resources */ = {isa = PBXBuildFile; fileRef = 45CDC89516C9A72300F809B8 /* EDFourthViewController.xib */; };
		C32F6D481605408F004BA8A1 /* UIKit.framework in Frameworks */ = {isa = PBXBuildFile; fileRef = C32F6D471605408F004BA8A1 /* UIKit.framework */; };
		C32F6D4A1605408F004BA8A1 /* Foundation.framework in Frameworks */ = {isa = PBXBuildFile; fileRef = C32F6D491605408F004BA8A1 /* Foundation.framework */; };
		C32F6D4C1605408F004BA8A1 /* CoreGraphics.framework in Frameworks */ = {isa = PBXBuildFile; fileRef = C32F6D4B1605408F004BA8A1 /* CoreGraphics.framework */; };
		C32F6D521605408F004BA8A1 /* InfoPlist.strings in Resources */ = {isa = PBXBuildFile; fileRef = C32F6D501605408F004BA8A1 /* InfoPlist.strings */; };
		C32F6D541605408F004BA8A1 /* main.m in Sources */ = {isa = PBXBuildFile; fileRef = C32F6D531605408F004BA8A1 /* main.m */; };
		C32F6D581605408F004BA8A1 /* EDAppDelegate.m in Sources */ = {isa = PBXBuildFile; fileRef = C32F6D571605408F004BA8A1 /* EDAppDelegate.m */; };
		C32F6D5B1605408F004BA8A1 /* EDFirstViewController.m in Sources */ = {isa = PBXBuildFile; fileRef = C32F6D5A1605408F004BA8A1 /* EDFirstViewController.m */; };
		C32F6D5D1605408F004BA8A1 /* first.png in Resources */ = {isa = PBXBuildFile; fileRef = C32F6D5C1605408F004BA8A1 /* first.png */; };
		C32F6D5F1605408F004BA8A1 /* first@2x.png in Resources */ = {isa = PBXBuildFile; fileRef = C32F6D5E1605408F004BA8A1 /* first@2x.png */; };
		C32F6D621605408F004BA8A1 /* EDSecondViewController.m in Sources */ = {isa = PBXBuildFile; fileRef = C32F6D611605408F004BA8A1 /* EDSecondViewController.m */; };
		C32F6D641605408F004BA8A1 /* second.png in Resources */ = {isa = PBXBuildFile; fileRef = C32F6D631605408F004BA8A1 /* second.png */; };
		C32F6D661605408F004BA8A1 /* second@2x.png in Resources */ = {isa = PBXBuildFile; fileRef = C32F6D651605408F004BA8A1 /* second@2x.png */; };
		C32F6D691605408F004BA8A1 /* EDFirstViewController.xib in Resources */ = {isa = PBXBuildFile; fileRef = C32F6D671605408F004BA8A1 /* EDFirstViewController.xib */; };
		C32F6D6C16054090004BA8A1 /* EDSecondViewController.xib in Resources */ = {isa = PBXBuildFile; fileRef = C32F6D6A16054090004BA8A1 /* EDSecondViewController.xib */; };
		C32F6D7416054090004BA8A1 /* SenTestingKit.framework in Frameworks */ = {isa = PBXBuildFile; fileRef = C32F6D7316054090004BA8A1 /* SenTestingKit.framework */; };
		C32F6D7516054090004BA8A1 /* UIKit.framework in Frameworks */ = {isa = PBXBuildFile; fileRef = C32F6D471605408F004BA8A1 /* UIKit.framework */; };
		C32F6D7616054090004BA8A1 /* Foundation.framework in Frameworks */ = {isa = PBXBuildFile; fileRef = C32F6D491605408F004BA8A1 /* Foundation.framework */; };
		C32F6D7E16054090004BA8A1 /* InfoPlist.strings in Resources */ = {isa = PBXBuildFile; fileRef = C32F6D7C16054090004BA8A1 /* InfoPlist.strings */; };
		C32F6D94160541C3004BA8A1 /* LICENSE.md in Resources */ = {isa = PBXBuildFile; fileRef = C32F6D92160541C3004BA8A1 /* LICENSE.md */; };
		C32F6D95160541C3004BA8A1 /* README.md in Resources */ = {isa = PBXBuildFile; fileRef = C32F6D93160541C3004BA8A1 /* README.md */; };
		C32F6D9816054473004BA8A1 /* EDColorHexTest.m in Sources */ = {isa = PBXBuildFile; fileRef = C32F6D9716054473004BA8A1 /* EDColorHexTest.m */; };
		C32F6D9C16054E26004BA8A1 /* UIColor+Hex.m in Sources */ = {isa = PBXBuildFile; fileRef = C32F6D9B16054E26004BA8A1 /* UIColor+Hex.m */; };
		C32F6D9D16054E26004BA8A1 /* UIColor+Hex.m in Sources */ = {isa = PBXBuildFile; fileRef = C32F6D9B16054E26004BA8A1 /* UIColor+Hex.m */; };
		C32F6DA0160569B0004BA8A1 /* UIColor+Crayola.m in Sources */ = {isa = PBXBuildFile; fileRef = C32F6D9F160569B0004BA8A1 /* UIColor+Crayola.m */; };
		C32F6DA1160569B0004BA8A1 /* UIColor+Crayola.m in Sources */ = {isa = PBXBuildFile; fileRef = C32F6D9F160569B0004BA8A1 /* UIColor+Crayola.m */; };
		C32F6DA6160591BF004BA8A1 /* EDColorCrayolaTest.m in Sources */ = {isa = PBXBuildFile; fileRef = C32F6DA5160591BF004BA8A1 /* EDColorCrayolaTest.m */; };
		C32F6DA916064462004BA8A1 /* UIColor+HSB.m in Sources */ = {isa = PBXBuildFile; fileRef = C32F6DA816064462004BA8A1 /* UIColor+HSB.m */; };
		C32F6DAA16064462004BA8A1 /* UIColor+HSB.m in Sources */ = {isa = PBXBuildFile; fileRef = C32F6DA816064462004BA8A1 /* UIColor+HSB.m */; };
		C32F6DAD16064CFE004BA8A1 /* EDColorHSBTest.m in Sources */ = {isa = PBXBuildFile; fileRef = C32F6DAC16064CFE004BA8A1 /* EDColorHSBTest.m */; };
		C32F6DB016065448004BA8A1 /* UIColor+HSL.m in Sources */ = {isa = PBXBuildFile; fileRef = C32F6DAF16065448004BA8A1 /* UIColor+HSL.m */; };
		C32F6DB116065448004BA8A1 /* UIColor+HSL.m in Sources */ = {isa = PBXBuildFile; fileRef = C32F6DAF16065448004BA8A1 /* UIColor+HSL.m */; };
		C32F6DB416066591004BA8A1 /* EDColorHSLTest.m in Sources */ = {isa = PBXBuildFile; fileRef = C32F6DB316066591004BA8A1 /* EDColorHSLTest.m */; };
		C32F6DB716067102004BA8A1 /* background.png in Resources */ = {isa = PBXBuildFile; fileRef = C32F6DB516067102004BA8A1 /* background.png */; };
		C32F6DB816067102004BA8A1 /* background@2x.png in Resources */ = {isa = PBXBuildFile; fileRef = C32F6DB616067102004BA8A1 /* background@2x.png */; };
		C32F6DBC1606779A004BA8A1 /* EDThirdViewController.m in Sources */ = {isa = PBXBuildFile; fileRef = C32F6DBA1606779A004BA8A1 /* EDThirdViewController.m */; };
		C32F6DBD1606779A004BA8A1 /* EDThirdViewController.xib in Resources */ = {isa = PBXBuildFile; fileRef = C32F6DBB1606779A004BA8A1 /* EDThirdViewController.xib */; };
		C32F6E0916079629004BA8A1 /* EDColor.podspec in Resources */ = {isa = PBXBuildFile; fileRef = C32F6E0816079629004BA8A1 /* EDColor.podspec */; };
		C3BF6FE2164CCCB100E945F6 /* Default-568h@2x.png in Resources */ = {isa = PBXBuildFile; fileRef = C3BF6FE1164CCCB100E945F6 /* Default-568h@2x.png */; };
/* End PBXBuildFile section */

/* Begin PBXContainerItemProxy section */
		C32F6D7716054090004BA8A1 /* PBXContainerItemProxy */ = {
			isa = PBXContainerItemProxy;
			containerPortal = C32F6D3A1605408F004BA8A1 /* Project object */;
			proxyType = 1;
			remoteGlobalIDString = C32F6D421605408F004BA8A1;
			remoteInfo = color;
		};
/* End PBXContainerItemProxy section */

/* Begin PBXFileReference section */
		453A82E216CAF34700244785 /* EDColorCIELABBoundsTest.m */ = {isa = PBXFileReference; fileEncoding = 4; lastKnownFileType = sourcecode.c.objc; path = EDColorCIELABBoundsTest.m; sourceTree = "<group>"; };
		453A82E416CAF34F00244785 /* EDColorCIELABBoundsTest.h */ = {isa = PBXFileReference; lastKnownFileType = sourcecode.c.h; path = EDColorCIELABBoundsTest.h; sourceTree = "<group>"; };
		4560529216CA76A200AE6C06 /* EDColorCIELABTest.h */ = {isa = PBXFileReference; lastKnownFileType = sourcecode.c.h; path = EDColorCIELABTest.h; sourceTree = "<group>"; };
		4560529316CA76B000AE6C06 /* EDColorCIELABTest.m */ = {isa = PBXFileReference; fileEncoding = 4; lastKnownFileType = sourcecode.c.objc; path = EDColorCIELABTest.m; sourceTree = "<group>"; };
		4560529916CABFF700AE6C06 /* UIColor+CIELAB.h */ = {isa = PBXFileReference; fileEncoding = 4; lastKnownFileType = sourcecode.c.h; name = "UIColor+CIELAB.h"; path = "../EDColor/UIColor+CIELAB.h"; sourceTree = "<group>"; };
		4560529A16CABFF700AE6C06 /* UIColor+CIELAB.m */ = {isa = PBXFileReference; fileEncoding = 4; lastKnownFileType = sourcecode.c.objc; name = "UIColor+CIELAB.m"; path = "../EDColor/UIColor+CIELAB.m"; sourceTree = "<group>"; };
		45CDC89116C9A6D700F809B8 /* EDFourthViewController.h */ = {isa = PBXFileReference; fileEncoding = 4; lastKnownFileType = sourcecode.c.h; path = EDFourthViewController.h; sourceTree = "<group>"; };
		45CDC89216C9A6D700F809B8 /* EDFourthViewController.m */ = {isa = PBXFileReference; fileEncoding = 4; lastKnownFileType = sourcecode.c.objc; path = EDFourthViewController.m; sourceTree = "<group>"; };
		45CDC89516C9A72300F809B8 /* EDFourthViewController.xib */ = {isa = PBXFileReference; fileEncoding = 4; lastKnownFileType = file.xib; path = EDFourthViewController.xib; sourceTree = "<group>"; };
		C32F6D431605408F004BA8A1 /* color.app */ = {isa = PBXFileReference; explicitFileType = wrapper.application; includeInIndex = 0; path = color.app; sourceTree = BUILT_PRODUCTS_DIR; };
		C32F6D471605408F004BA8A1 /* UIKit.framework */ = {isa = PBXFileReference; lastKnownFileType = wrapper.framework; name = UIKit.framework; path = System/Library/Frameworks/UIKit.framework; sourceTree = SDKROOT; };
		C32F6D491605408F004BA8A1 /* Foundation.framework */ = {isa = PBXFileReference; lastKnownFileType = wrapper.framework; name = Foundation.framework; path = System/Library/Frameworks/Foundation.framework; sourceTree = SDKROOT; };
		C32F6D4B1605408F004BA8A1 /* CoreGraphics.framework */ = {isa = PBXFileReference; lastKnownFileType = wrapper.framework; name = CoreGraphics.framework; path = System/Library/Frameworks/CoreGraphics.framework; sourceTree = SDKROOT; };
		C32F6D4F1605408F004BA8A1 /* color-Info.plist */ = {isa = PBXFileReference; lastKnownFileType = text.plist.xml; path = "color-Info.plist"; sourceTree = "<group>"; };
		C32F6D511605408F004BA8A1 /* en */ = {isa = PBXFileReference; lastKnownFileType = text.plist.strings; name = en; path = en.lproj/InfoPlist.strings; sourceTree = "<group>"; };
		C32F6D531605408F004BA8A1 /* main.m */ = {isa = PBXFileReference; lastKnownFileType = sourcecode.c.objc; path = main.m; sourceTree = "<group>"; };
		C32F6D551605408F004BA8A1 /* color-Prefix.pch */ = {isa = PBXFileReference; lastKnownFileType = sourcecode.c.h; path = "color-Prefix.pch"; sourceTree = "<group>"; };
		C32F6D561605408F004BA8A1 /* EDAppDelegate.h */ = {isa = PBXFileReference; lastKnownFileType = sourcecode.c.h; path = EDAppDelegate.h; sourceTree = "<group>"; };
		C32F6D571605408F004BA8A1 /* EDAppDelegate.m */ = {isa = PBXFileReference; lastKnownFileType = sourcecode.c.objc; path = EDAppDelegate.m; sourceTree = "<group>"; };
		C32F6D591605408F004BA8A1 /* EDFirstViewController.h */ = {isa = PBXFileReference; lastKnownFileType = sourcecode.c.h; path = EDFirstViewController.h; sourceTree = "<group>"; };
		C32F6D5A1605408F004BA8A1 /* EDFirstViewController.m */ = {isa = PBXFileReference; lastKnownFileType = sourcecode.c.objc; path = EDFirstViewController.m; sourceTree = "<group>"; };
		C32F6D5C1605408F004BA8A1 /* first.png */ = {isa = PBXFileReference; lastKnownFileType = image.png; path = first.png; sourceTree = "<group>"; };
		C32F6D5E1605408F004BA8A1 /* first@2x.png */ = {isa = PBXFileReference; lastKnownFileType = image.png; path = "first@2x.png"; sourceTree = "<group>"; };
		C32F6D601605408F004BA8A1 /* EDSecondViewController.h */ = {isa = PBXFileReference; lastKnownFileType = sourcecode.c.h; path = EDSecondViewController.h; sourceTree = "<group>"; };
		C32F6D611605408F004BA8A1 /* EDSecondViewController.m */ = {isa = PBXFileReference; lastKnownFileType = sourcecode.c.objc; path = EDSecondViewController.m; sourceTree = "<group>"; };
		C32F6D631605408F004BA8A1 /* second.png */ = {isa = PBXFileReference; lastKnownFileType = image.png; path = second.png; sourceTree = "<group>"; };
		C32F6D651605408F004BA8A1 /* second@2x.png */ = {isa = PBXFileReference; lastKnownFileType = image.png; path = "second@2x.png"; sourceTree = "<group>"; };
		C32F6D681605408F004BA8A1 /* en */ = {isa = PBXFileReference; lastKnownFileType = file.xib; name = en; path = en.lproj/EDFirstViewController.xib; sourceTree = "<group>"; };
		C32F6D6B16054090004BA8A1 /* en */ = {isa = PBXFileReference; lastKnownFileType = file.xib; name = en; path = en.lproj/EDSecondViewController.xib; sourceTree = "<group>"; };
		C32F6D7216054090004BA8A1 /* colorTests.octest */ = {isa = PBXFileReference; explicitFileType = wrapper.cfbundle; includeInIndex = 0; path = colorTests.octest; sourceTree = BUILT_PRODUCTS_DIR; };
		C32F6D7316054090004BA8A1 /* SenTestingKit.framework */ = {isa = PBXFileReference; lastKnownFileType = wrapper.framework; name = SenTestingKit.framework; path = Library/Frameworks/SenTestingKit.framework; sourceTree = DEVELOPER_DIR; };
		C32F6D7B16054090004BA8A1 /* colorTests-Info.plist */ = {isa = PBXFileReference; lastKnownFileType = text.plist.xml; path = "colorTests-Info.plist"; sourceTree = "<group>"; };
		C32F6D7D16054090004BA8A1 /* en */ = {isa = PBXFileReference; lastKnownFileType = text.plist.strings; name = en; path = en.lproj/InfoPlist.strings; sourceTree = "<group>"; };
		C32F6D9016054126004BA8A1 /* EDColor.h */ = {isa = PBXFileReference; fileEncoding = 4; lastKnownFileType = sourcecode.c.h; name = EDColor.h; path = ../EDColor/EDColor.h; sourceTree = "<group>"; };
		C32F6D92160541C3004BA8A1 /* LICENSE.md */ = {isa = PBXFileReference; fileEncoding = 4; lastKnownFileType = text; name = LICENSE.md; path = ../LICENSE.md; sourceTree = "<group>"; };
		C32F6D93160541C3004BA8A1 /* README.md */ = {isa = PBXFileReference; fileEncoding = 4; lastKnownFileType = text; name = README.md; path = ../README.md; sourceTree = "<group>"; };
		C32F6D9616054473004BA8A1 /* EDColorHexTest.h */ = {isa = PBXFileReference; fileEncoding = 4; lastKnownFileType = sourcecode.c.h; path = EDColorHexTest.h; sourceTree = "<group>"; };
		C32F6D9716054473004BA8A1 /* EDColorHexTest.m */ = {isa = PBXFileReference; fileEncoding = 4; lastKnownFileType = sourcecode.c.objc; path = EDColorHexTest.m; sourceTree = "<group>"; };
		C32F6D9916054BDA004BA8A1 /* Prefix.h */ = {isa = PBXFileReference; fileEncoding = 4; lastKnownFileType = sourcecode.c.h; path = Prefix.h; sourceTree = "<group>"; };
		C32F6D9A16054E26004BA8A1 /* UIColor+Hex.h */ = {isa = PBXFileReference; fileEncoding = 4; lastKnownFileType = sourcecode.c.h; name = "UIColor+Hex.h"; path = "../EDColor/UIColor+Hex.h"; sourceTree = "<group>"; };
		C32F6D9B16054E26004BA8A1 /* UIColor+Hex.m */ = {isa = PBXFileReference; fileEncoding = 4; lastKnownFileType = sourcecode.c.objc; name = "UIColor+Hex.m"; path = "../EDColor/UIColor+Hex.m"; sourceTree = "<group>"; };
		C32F6D9E160569B0004BA8A1 /* UIColor+Crayola.h */ = {isa = PBXFileReference; fileEncoding = 4; lastKnownFileType = sourcecode.c.h; name = "UIColor+Crayola.h"; path = "../EDColor/UIColor+Crayola.h"; sourceTree = "<group>"; };
		C32F6D9F160569B0004BA8A1 /* UIColor+Crayola.m */ = {isa = PBXFileReference; fileEncoding = 4; lastKnownFileType = sourcecode.c.objc; name = "UIColor+Crayola.m"; path = "../EDColor/UIColor+Crayola.m"; sourceTree = "<group>"; };
		C32F6DA216056F0F004BA8A1 /* Crayola.h */ = {isa = PBXFileReference; fileEncoding = 4; lastKnownFileType = sourcecode.c.h; name = Crayola.h; path = ../EDColor/Crayola.h; sourceTree = "<group>"; };
		C32F6DA4160591BF004BA8A1 /* EDColorCrayolaTest.h */ = {isa = PBXFileReference; fileEncoding = 4; lastKnownFileType = sourcecode.c.h; path = EDColorCrayolaTest.h; sourceTree = "<group>"; };
		C32F6DA5160591BF004BA8A1 /* EDColorCrayolaTest.m */ = {isa = PBXFileReference; fileEncoding = 4; lastKnownFileType = sourcecode.c.objc; path = EDColorCrayolaTest.m; sourceTree = "<group>"; };
		C32F6DA716064462004BA8A1 /* UIColor+HSB.h */ = {isa = PBXFileReference; fileEncoding = 4; lastKnownFileType = sourcecode.c.h; name = "UIColor+HSB.h"; path = "../EDColor/UIColor+HSB.h"; sourceTree = "<group>"; };
		C32F6DA816064462004BA8A1 /* UIColor+HSB.m */ = {isa = PBXFileReference; fileEncoding = 4; lastKnownFileType = sourcecode.c.objc; name = "UIColor+HSB.m"; path = "../EDColor/UIColor+HSB.m"; sourceTree = "<group>"; };
		C32F6DAB16064CFE004BA8A1 /* EDColorHSBTest.h */ = {isa = PBXFileReference; fileEncoding = 4; lastKnownFileType = sourcecode.c.h; path = EDColorHSBTest.h; sourceTree = "<group>"; };
		C32F6DAC16064CFE004BA8A1 /* EDColorHSBTest.m */ = {isa = PBXFileReference; fileEncoding = 4; lastKnownFileType = sourcecode.c.objc; path = EDColorHSBTest.m; sourceTree = "<group>"; };
		C32F6DAE16065448004BA8A1 /* UIColor+HSL.h */ = {isa = PBXFileReference; fileEncoding = 4; lastKnownFileType = sourcecode.c.h; name = "UIColor+HSL.h"; path = "../EDColor/UIColor+HSL.h"; sourceTree = "<group>"; };
		C32F6DAF16065448004BA8A1 /* UIColor+HSL.m */ = {isa = PBXFileReference; fileEncoding = 4; lastKnownFileType = sourcecode.c.objc; name = "UIColor+HSL.m"; path = "../EDColor/UIColor+HSL.m"; sourceTree = "<group>"; };
		C32F6DB216066591004BA8A1 /* EDColorHSLTest.h */ = {isa = PBXFileReference; fileEncoding = 4; lastKnownFileType = sourcecode.c.h; path = EDColorHSLTest.h; sourceTree = "<group>"; };
		C32F6DB316066591004BA8A1 /* EDColorHSLTest.m */ = {isa = PBXFileReference; fileEncoding = 4; lastKnownFileType = sourcecode.c.objc; path = EDColorHSLTest.m; sourceTree = "<group>"; };
		C32F6DB516067102004BA8A1 /* background.png */ = {isa = PBXFileReference; lastKnownFileType = image.png; path = background.png; sourceTree = "<group>"; };
		C32F6DB616067102004BA8A1 /* background@2x.png */ = {isa = PBXFileReference; lastKnownFileType = image.png; path = "background@2x.png"; sourceTree = "<group>"; };
		C32F6DB91606779A004BA8A1 /* EDThirdViewController.h */ = {isa = PBXFileReference; fileEncoding = 4; lastKnownFileType = sourcecode.c.h; path = EDThirdViewController.h; sourceTree = "<group>"; };
		C32F6DBA1606779A004BA8A1 /* EDThirdViewController.m */ = {isa = PBXFileReference; fileEncoding = 4; lastKnownFileType = sourcecode.c.objc; path = EDThirdViewController.m; sourceTree = "<group>"; };
		C32F6DBB1606779A004BA8A1 /* EDThirdViewController.xib */ = {isa = PBXFileReference; fileEncoding = 4; lastKnownFileType = file.xib; path = EDThirdViewController.xib; sourceTree = "<group>"; };
		C32F6E0816079629004BA8A1 /* EDColor.podspec */ = {isa = PBXFileReference; fileEncoding = 4; lastKnownFileType = text; name = EDColor.podspec; path = ../EDColor.podspec; sourceTree = "<group>"; };
		C3BF6FE1164CCCB100E945F6 /* Default-568h@2x.png */ = {isa = PBXFileReference; lastKnownFileType = image.png; path = "Default-568h@2x.png"; sourceTree = "<group>"; };
/* End PBXFileReference section */

/* Begin PBXFrameworksBuildPhase section */
		C32F6D401605408F004BA8A1 /* Frameworks */ = {
			isa = PBXFrameworksBuildPhase;
			buildActionMask = 2147483647;
			files = (
				C32F6D481605408F004BA8A1 /* UIKit.framework in Frameworks */,
				C32F6D4A1605408F004BA8A1 /* Foundation.framework in Frameworks */,
				C32F6D4C1605408F004BA8A1 /* CoreGraphics.framework in Frameworks */,
			);
			runOnlyForDeploymentPostprocessing = 0;
		};
		C32F6D6E16054090004BA8A1 /* Frameworks */ = {
			isa = PBXFrameworksBuildPhase;
			buildActionMask = 2147483647;
			files = (
				4560529516CA78A600AE6C06 /* CoreGraphics.framework in Frameworks */,
				C32F6D7416054090004BA8A1 /* SenTestingKit.framework in Frameworks */,
				C32F6D7516054090004BA8A1 /* UIKit.framework in Frameworks */,
				C32F6D7616054090004BA8A1 /* Foundation.framework in Frameworks */,
			);
			runOnlyForDeploymentPostprocessing = 0;
		};
/* End PBXFrameworksBuildPhase section */

/* Begin PBXGroup section */
		C32F6D381605408F004BA8A1 = {
			isa = PBXGroup;
			children = (
				C3BF6FE1164CCCB100E945F6 /* Default-568h@2x.png */,
				C32F6D92160541C3004BA8A1 /* LICENSE.md */,
				C32F6D93160541C3004BA8A1 /* README.md */,
				C32F6E0816079629004BA8A1 /* EDColor.podspec */,
				C32F6D8A1605409C004BA8A1 /* EDColor */,
				C32F6D4D1605408F004BA8A1 /* Example */,
				C32F6D7916054090004BA8A1 /* Tests */,
				C32F6D461605408F004BA8A1 /* Frameworks */,
				C32F6D441605408F004BA8A1 /* Products */,
			);
			sourceTree = "<group>";
		};
		C32F6D441605408F004BA8A1 /* Products */ = {
			isa = PBXGroup;
			children = (
				C32F6D431605408F004BA8A1 /* color.app */,
				C32F6D7216054090004BA8A1 /* colorTests.octest */,
			);
			name = Products;
			sourceTree = "<group>";
		};
		C32F6D461605408F004BA8A1 /* Frameworks */ = {
			isa = PBXGroup;
			children = (
				C32F6D471605408F004BA8A1 /* UIKit.framework */,
				C32F6D491605408F004BA8A1 /* Foundation.framework */,
				C32F6D4B1605408F004BA8A1 /* CoreGraphics.framework */,
				C32F6D7316054090004BA8A1 /* SenTestingKit.framework */,
			);
			name = Frameworks;
			sourceTree = "<group>";
		};
		C32F6D4D1605408F004BA8A1 /* Example */ = {
			isa = PBXGroup;
			children = (
				C32F6D561605408F004BA8A1 /* EDAppDelegate.h */,
				C32F6D571605408F004BA8A1 /* EDAppDelegate.m */,
				C32F6D591605408F004BA8A1 /* EDFirstViewController.h */,
				C32F6D5A1605408F004BA8A1 /* EDFirstViewController.m */,
				C32F6D671605408F004BA8A1 /* EDFirstViewController.xib */,
				C32F6D601605408F004BA8A1 /* EDSecondViewController.h */,
				C32F6D611605408F004BA8A1 /* EDSecondViewController.m */,
				C32F6D6A16054090004BA8A1 /* EDSecondViewController.xib */,
				C32F6DB91606779A004BA8A1 /* EDThirdViewController.h */,
				C32F6DBA1606779A004BA8A1 /* EDThirdViewController.m */,
				C32F6DBB1606779A004BA8A1 /* EDThirdViewController.xib */,
				45CDC89116C9A6D700F809B8 /* EDFourthViewController.h */,
				45CDC89216C9A6D700F809B8 /* EDFourthViewController.m */,
				45CDC89516C9A72300F809B8 /* EDFourthViewController.xib */,
				C32F6D8B160540B7004BA8A1 /* Images */,
				C32F6D4E1605408F004BA8A1 /* Supporting Files */,
			);
			name = Example;
			path = color;
			sourceTree = "<group>";
		};
		C32F6D4E1605408F004BA8A1 /* Supporting Files */ = {
			isa = PBXGroup;
			children = (
				C32F6D4F1605408F004BA8A1 /* color-Info.plist */,
				C32F6D501605408F004BA8A1 /* InfoPlist.strings */,
				C32F6D531605408F004BA8A1 /* main.m */,
				C32F6D551605408F004BA8A1 /* color-Prefix.pch */,
			);
			name = "Supporting Files";
			sourceTree = "<group>";
		};
		C32F6D7916054090004BA8A1 /* Tests */ = {
			isa = PBXGroup;
			children = (
				C32F6D9916054BDA004BA8A1 /* Prefix.h */,
				C32F6DA4160591BF004BA8A1 /* EDColorCrayolaTest.h */,
				C32F6DA5160591BF004BA8A1 /* EDColorCrayolaTest.m */,
				C32F6D9616054473004BA8A1 /* EDColorHexTest.h */,
				C32F6D9716054473004BA8A1 /* EDColorHexTest.m */,
				C32F6DAB16064CFE004BA8A1 /* EDColorHSBTest.h */,
				C32F6DAC16064CFE004BA8A1 /* EDColorHSBTest.m */,
				C32F6DB216066591004BA8A1 /* EDColorHSLTest.h */,
				C32F6DB316066591004BA8A1 /* EDColorHSLTest.m */,
				4560529216CA76A200AE6C06 /* EDColorCIELABTest.h */,
				4560529316CA76B000AE6C06 /* EDColorCIELABTest.m */,
				453A82E416CAF34F00244785 /* EDColorCIELABBoundsTest.h */,
				453A82E216CAF34700244785 /* EDColorCIELABBoundsTest.m */,
				C32F6D7A16054090004BA8A1 /* Supporting Files */,
			);
			name = Tests;
			path = colorTests;
			sourceTree = "<group>";
		};
		C32F6D7A16054090004BA8A1 /* Supporting Files */ = {
			isa = PBXGroup;
			children = (
				C32F6D7B16054090004BA8A1 /* colorTests-Info.plist */,
				C32F6D7C16054090004BA8A1 /* InfoPlist.strings */,
			);
			name = "Supporting Files";
			sourceTree = "<group>";
		};
		C32F6D8A1605409C004BA8A1 /* EDColor */ = {
			isa = PBXGroup;
			children = (
				C32F6D9016054126004BA8A1 /* EDColor.h */,
				C32F6D9E160569B0004BA8A1 /* UIColor+Crayola.h */,
				C32F6D9F160569B0004BA8A1 /* UIColor+Crayola.m */,
				C32F6DA216056F0F004BA8A1 /* Crayola.h */,
				C32F6D9A16054E26004BA8A1 /* UIColor+Hex.h */,
				C32F6D9B16054E26004BA8A1 /* UIColor+Hex.m */,
				C32F6DA716064462004BA8A1 /* UIColor+HSB.h */,
				C32F6DA816064462004BA8A1 /* UIColor+HSB.m */,
				C32F6DAE16065448004BA8A1 /* UIColor+HSL.h */,
				C32F6DAF16065448004BA8A1 /* UIColor+HSL.m */,
				4560529916CABFF700AE6C06 /* UIColor+CIELAB.h */,
				4560529A16CABFF700AE6C06 /* UIColor+CIELAB.m */,
			);
			name = EDColor;
			sourceTree = "<group>";
		};
		C32F6D8B160540B7004BA8A1 /* Images */ = {
			isa = PBXGroup;
			children = (
				C32F6DB516067102004BA8A1 /* background.png */,
				C32F6DB616067102004BA8A1 /* background@2x.png */,
				C32F6D5C1605408F004BA8A1 /* first.png */,
				C32F6D5E1605408F004BA8A1 /* first@2x.png */,
				C32F6D631605408F004BA8A1 /* second.png */,
				C32F6D651605408F004BA8A1 /* second@2x.png */,
			);
			name = Images;
			sourceTree = "<group>";
		};
/* End PBXGroup section */

/* Begin PBXNativeTarget section */
		C32F6D421605408F004BA8A1 /* color */ = {
			isa = PBXNativeTarget;
			buildConfigurationList = C32F6D8416054090004BA8A1 /* Build configuration list for PBXNativeTarget "color" */;
			buildPhases = (
				C32F6D3F1605408F004BA8A1 /* Sources */,
				C32F6D401605408F004BA8A1 /* Frameworks */,
				C32F6D411605408F004BA8A1 /* Resources */,
			);
			buildRules = (
			);
			dependencies = (
			);
			name = color;
			productName = color;
			productReference = C32F6D431605408F004BA8A1 /* color.app */;
			productType = "com.apple.product-type.application";
		};
		C32F6D7116054090004BA8A1 /* colorTests */ = {
			isa = PBXNativeTarget;
			buildConfigurationList = C32F6D8716054090004BA8A1 /* Build configuration list for PBXNativeTarget "colorTests" */;
			buildPhases = (
				C32F6D6D16054090004BA8A1 /* Sources */,
				C32F6D6E16054090004BA8A1 /* Frameworks */,
				C32F6D6F16054090004BA8A1 /* Resources */,
				C32F6D7016054090004BA8A1 /* ShellScript */,
			);
			buildRules = (
			);
			dependencies = (
				C32F6D7816054090004BA8A1 /* PBXTargetDependency */,
			);
			name = colorTests;
			productName = colorTests;
			productReference = C32F6D7216054090004BA8A1 /* colorTests.octest */;
			productType = "com.apple.product-type.bundle";
		};
/* End PBXNativeTarget section */

/* Begin PBXProject section */
		C32F6D3A1605408F004BA8A1 /* Project object */ = {
			isa = PBXProject;
			attributes = {
				CLASSPREFIX = ED;
				LastUpgradeCheck = 0460;
				ORGANIZATIONNAME = "Andrew Sliwinski";
			};
			buildConfigurationList = C32F6D3D1605408F004BA8A1 /* Build configuration list for PBXProject "color" */;
			compatibilityVersion = "Xcode 3.2";
			developmentRegion = English;
			hasScannedForEncodings = 0;
			knownRegions = (
				en,
			);
			mainGroup = C32F6D381605408F004BA8A1;
			productRefGroup = C32F6D441605408F004BA8A1 /* Products */;
			projectDirPath = "";
			projectRoot = "";
			targets = (
				C32F6D421605408F004BA8A1 /* color */,
				C32F6D7116054090004BA8A1 /* colorTests */,
			);
		};
/* End PBXProject section */

/* Begin PBXResourcesBuildPhase section */
		C32F6D411605408F004BA8A1 /* Resources */ = {
			isa = PBXResourcesBuildPhase;
			buildActionMask = 2147483647;
			files = (
				C32F6D521605408F004BA8A1 /* InfoPlist.strings in Resources */,
				C32F6D5D1605408F004BA8A1 /* first.png in Resources */,
				C32F6D5F1605408F004BA8A1 /* first@2x.png in Resources */,
				C32F6D641605408F004BA8A1 /* second.png in Resources */,
				C32F6D661605408F004BA8A1 /* second@2x.png in Resources */,
				C32F6D691605408F004BA8A1 /* EDFirstViewController.xib in Resources */,
				C32F6D6C16054090004BA8A1 /* EDSecondViewController.xib in Resources */,
				C32F6D94160541C3004BA8A1 /* LICENSE.md in Resources */,
				C32F6D95160541C3004BA8A1 /* README.md in Resources */,
				C32F6DB716067102004BA8A1 /* background.png in Resources */,
				C32F6DB816067102004BA8A1 /* background@2x.png in Resources */,
				C32F6DBD1606779A004BA8A1 /* EDThirdViewController.xib in Resources */,
				C32F6E0916079629004BA8A1 /* EDColor.podspec in Resources */,
				C3BF6FE2164CCCB100E945F6 /* Default-568h@2x.png in Resources */,
				45CDC89616C9A72300F809B8 /* EDFourthViewController.xib in Resources */,
			);
			runOnlyForDeploymentPostprocessing = 0;
		};
		C32F6D6F16054090004BA8A1 /* Resources */ = {
			isa = PBXResourcesBuildPhase;
			buildActionMask = 2147483647;
			files = (
				C32F6D7E16054090004BA8A1 /* InfoPlist.strings in Resources */,
				45CDC89716C9A72300F809B8 /* EDFourthViewController.xib in Resources */,
			);
			runOnlyForDeploymentPostprocessing = 0;
		};
/* End PBXResourcesBuildPhase section */

/* Begin PBXShellScriptBuildPhase section */
		C32F6D7016054090004BA8A1 /* ShellScript */ = {
			isa = PBXShellScriptBuildPhase;
			buildActionMask = 2147483647;
			files = (
			);
			inputPaths = (
			);
			outputPaths = (
			);
			runOnlyForDeploymentPostprocessing = 0;
			shellPath = /bin/sh;
			shellScript = "# Run the unit tests in this test bundle.\n\"${SYSTEM_DEVELOPER_DIR}/Tools/RunUnitTests\"\n";
		};
/* End PBXShellScriptBuildPhase section */

/* Begin PBXSourcesBuildPhase section */
		C32F6D3F1605408F004BA8A1 /* Sources */ = {
			isa = PBXSourcesBuildPhase;
			buildActionMask = 2147483647;
			files = (
				C32F6D541605408F004BA8A1 /* main.m in Sources */,
				C32F6D581605408F004BA8A1 /* EDAppDelegate.m in Sources */,
				C32F6D5B1605408F004BA8A1 /* EDFirstViewController.m in Sources */,
				C32F6D621605408F004BA8A1 /* EDSecondViewController.m in Sources */,
				C32F6D9C16054E26004BA8A1 /* UIColor+Hex.m in Sources */,
				C32F6DA0160569B0004BA8A1 /* UIColor+Crayola.m in Sources */,
				C32F6DA916064462004BA8A1 /* UIColor+HSB.m in Sources */,
				C32F6DB016065448004BA8A1 /* UIColor+HSL.m in Sources */,
				C32F6DBC1606779A004BA8A1 /* EDThirdViewController.m in Sources */,
				45CDC89316C9A6D800F809B8 /* EDFourthViewController.m in Sources */,
				4560529B16CABFF700AE6C06 /* UIColor+CIELAB.m in Sources */,
			);
			runOnlyForDeploymentPostprocessing = 0;
		};
		C32F6D6D16054090004BA8A1 /* Sources */ = {
			isa = PBXSourcesBuildPhase;
			buildActionMask = 2147483647;
			files = (
				C32F6D9816054473004BA8A1 /* EDColorHexTest.m in Sources */,
				C32F6D9D16054E26004BA8A1 /* UIColor+Hex.m in Sources */,
				C32F6DA1160569B0004BA8A1 /* UIColor+Crayola.m in Sources */,
				C32F6DA6160591BF004BA8A1 /* EDColorCrayolaTest.m in Sources */,
				C32F6DAA16064462004BA8A1 /* UIColor+HSB.m in Sources */,
				C32F6DAD16064CFE004BA8A1 /* EDColorHSBTest.m in Sources */,
				C32F6DB116065448004BA8A1 /* UIColor+HSL.m in Sources */,
				C32F6DB416066591004BA8A1 /* EDColorHSLTest.m in Sources */,
				45CDC89416C9A6D800F809B8 /* EDFourthViewController.m in Sources */,
				4560529416CA76B000AE6C06 /* EDColorCIELABTest.m in Sources */,
				4560529C16CABFF700AE6C06 /* UIColor+CIELAB.m in Sources */,
				453A82E316CAF34700244785 /* EDColorCIELABBoundsTest.m in Sources */,
			);
			runOnlyForDeploymentPostprocessing = 0;
		};
/* End PBXSourcesBuildPhase section */

/* Begin PBXTargetDependency section */
		C32F6D7816054090004BA8A1 /* PBXTargetDependency */ = {
			isa = PBXTargetDependency;
			target = C32F6D421605408F004BA8A1 /* color */;
			targetProxy = C32F6D7716054090004BA8A1 /* PBXContainerItemProxy */;
		};
/* End PBXTargetDependency section */

/* Begin PBXVariantGroup section */
		C32F6D501605408F004BA8A1 /* InfoPlist.strings */ = {
			isa = PBXVariantGroup;
			children = (
				C32F6D511605408F004BA8A1 /* en */,
			);
			name = InfoPlist.strings;
			sourceTree = "<group>";
		};
		C32F6D671605408F004BA8A1 /* EDFirstViewController.xib */ = {
			isa = PBXVariantGroup;
			children = (
				C32F6D681605408F004BA8A1 /* en */,
			);
			name = EDFirstViewController.xib;
			sourceTree = "<group>";
		};
		C32F6D6A16054090004BA8A1 /* EDSecondViewController.xib */ = {
			isa = PBXVariantGroup;
			children = (
				C32F6D6B16054090004BA8A1 /* en */,
			);
			name = EDSecondViewController.xib;
			sourceTree = "<group>";
		};
		C32F6D7C16054090004BA8A1 /* InfoPlist.strings */ = {
			isa = PBXVariantGroup;
			children = (
				C32F6D7D16054090004BA8A1 /* en */,
			);
			name = InfoPlist.strings;
			sourceTree = "<group>";
		};
/* End PBXVariantGroup section */

/* Begin XCBuildConfiguration section */
		C32F6D8216054090004BA8A1 /* Debug */ = {
			isa = XCBuildConfiguration;
			buildSettings = {
				ALWAYS_SEARCH_USER_PATHS = NO;
				ARCHS = "$(ARCHS_STANDARD_32_BIT)";
				CLANG_CXX_LANGUAGE_STANDARD = "gnu++0x";
				CLANG_ENABLE_OBJC_ARC = YES;
				CLANG_WARN_CONSTANT_CONVERSION = YES;
				CLANG_WARN_ENUM_CONVERSION = YES;
				CLANG_WARN_INT_CONVERSION = YES;
				CLANG_WARN__DUPLICATE_METHOD_MATCH = YES;
				"CODE_SIGN_IDENTITY[sdk=iphoneos*]" = "iPhone Developer";
				COPY_PHASE_STRIP = NO;
				GCC_C_LANGUAGE_STANDARD = gnu99;
				GCC_DYNAMIC_NO_PIC = NO;
				GCC_OPTIMIZATION_LEVEL = 0;
				GCC_PREPROCESSOR_DEFINITIONS = (
					"DEBUG=1",
					"$(inherited)",
				);
				GCC_SYMBOLS_PRIVATE_EXTERN = NO;
				GCC_VERSION = com.apple.compilers.llvm.clang.1_0;
				GCC_WARN_ABOUT_RETURN_TYPE = YES;
				GCC_WARN_UNINITIALIZED_AUTOS = YES;
				GCC_WARN_UNUSED_VARIABLE = YES;
				IPHONEOS_DEPLOYMENT_TARGET = 5.1;
				SDKROOT = iphoneos;
			};
			name = Debug;
		};
		C32F6D8316054090004BA8A1 /* Release */ = {
			isa = XCBuildConfiguration;
			buildSettings = {
				ALWAYS_SEARCH_USER_PATHS = NO;
				ARCHS = "$(ARCHS_STANDARD_32_BIT)";
				CLANG_CXX_LANGUAGE_STANDARD = "gnu++0x";
				CLANG_ENABLE_OBJC_ARC = YES;
				CLANG_WARN_CONSTANT_CONVERSION = YES;
				CLANG_WARN_ENUM_CONVERSION = YES;
				CLANG_WARN_INT_CONVERSION = YES;
				CLANG_WARN__DUPLICATE_METHOD_MATCH = YES;
				"CODE_SIGN_IDENTITY[sdk=iphoneos*]" = "iPhone Developer";
				COPY_PHASE_STRIP = YES;
				GCC_C_LANGUAGE_STANDARD = gnu99;
				GCC_VERSION = com.apple.compilers.llvm.clang.1_0;
				GCC_WARN_ABOUT_RETURN_TYPE = YES;
				GCC_WARN_UNINITIALIZED_AUTOS = YES;
				GCC_WARN_UNUSED_VARIABLE = YES;
				IPHONEOS_DEPLOYMENT_TARGET = 5.1;
				OTHER_CFLAGS = "-DNS_BLOCK_ASSERTIONS=1";
				SDKROOT = iphoneos;
				VALIDATE_PRODUCT = YES;
			};
			name = Release;
		};
		C32F6D8516054090004BA8A1 /* Debug */ = {
			isa = XCBuildConfiguration;
			buildSettings = {
				GCC_PRECOMPILE_PREFIX_HEADER = YES;
				GCC_PREFIX_HEADER = "color/color-Prefix.pch";
				INFOPLIST_FILE = "color/color-Info.plist";
				PRODUCT_NAME = "$(TARGET_NAME)";
				WRAPPER_EXTENSION = app;
			};
			name = Debug;
		};
		C32F6D8616054090004BA8A1 /* Release */ = {
			isa = XCBuildConfiguration;
			buildSettings = {
				GCC_PRECOMPILE_PREFIX_HEADER = YES;
				GCC_PREFIX_HEADER = "color/color-Prefix.pch";
				INFOPLIST_FILE = "color/color-Info.plist";
				PRODUCT_NAME = "$(TARGET_NAME)";
				WRAPPER_EXTENSION = app;
			};
			name = Release;
		};
		C32F6D8816054090004BA8A1 /* Debug */ = {
			isa = XCBuildConfiguration;
			buildSettings = {
				BUNDLE_LOADER = "$(BUILT_PRODUCTS_DIR)/color.app/color";
				FRAMEWORK_SEARCH_PATHS = (
					"\"$(SDKROOT)/Developer/Library/Frameworks\"",
					"\"$(DEVELOPER_LIBRARY_DIR)/Frameworks\"",
				);
				GCC_PRECOMPILE_PREFIX_HEADER = YES;
				GCC_PREFIX_HEADER = "color/color-Prefix.pch";
				INFOPLIST_FILE = "colorTests/colorTests-Info.plist";
				PRODUCT_NAME = "$(TARGET_NAME)";
				TEST_HOST = "$(BUNDLE_LOADER)";
				WRAPPER_EXTENSION = octest;
			};
			name = Debug;
		};
		C32F6D8916054090004BA8A1 /* Release */ = {
			isa = XCBuildConfiguration;
			buildSettings = {
				BUNDLE_LOADER = "$(BUILT_PRODUCTS_DIR)/color.app/color";
				FRAMEWORK_SEARCH_PATHS = (
					"\"$(SDKROOT)/Developer/Library/Frameworks\"",
					"\"$(DEVELOPER_LIBRARY_DIR)/Frameworks\"",
				);
				GCC_PRECOMPILE_PREFIX_HEADER = YES;
				GCC_PREFIX_HEADER = "color/color-Prefix.pch";
				INFOPLIST_FILE = "colorTests/colorTests-Info.plist";
				PRODUCT_NAME = "$(TARGET_NAME)";
				TEST_HOST = "$(BUNDLE_LOADER)";
				WRAPPER_EXTENSION = octest;
			};
			name = Release;
		};
/* End XCBuildConfiguration section */

/* Begin XCConfigurationList section */
		C32F6D3D1605408F004BA8A1 /* Build configuration list for PBXProject "color" */ = {
			isa = XCConfigurationList;
			buildConfigurations = (
				C32F6D8216054090004BA8A1 /* Debug */,
				C32F6D8316054090004BA8A1 /* Release */,
			);
			defaultConfigurationIsVisible = 0;
			defaultConfigurationName = Release;
		};
		C32F6D8416054090004BA8A1 /* Build configuration list for PBXNativeTarget "color" */ = {
			isa = XCConfigurationList;
			buildConfigurations = (
				C32F6D8516054090004BA8A1 /* Debug */,
				C32F6D8616054090004BA8A1 /* Release */,
			);
			defaultConfigurationIsVisible = 0;
			defaultConfigurationName = Release;
		};
		C32F6D8716054090004BA8A1 /* Build configuration list for PBXNativeTarget "colorTests" */ = {
			isa = XCConfigurationList;
			buildConfigurations = (
				C32F6D8816054090004BA8A1 /* Debug */,
				C32F6D8916054090004BA8A1 /* Release */,
			);
			defaultConfigurationIsVisible = 0;
			defaultConfigurationName = Release;
		};
/* End XCConfigurationList section */
	};
	rootObject = C32F6D3A1605408F004BA8A1 /* Project object */;
}
